
Microsoft Visual Studio Solution File, Format Version 12.00
Project("{FAE04EC0-301F-11D3-BF4B-00C04F79EFBC}") = "cp3", "cp3\cp3.csproj", "{0B87BDE5-98FD-403C-B1E9-386E63C1C92D}"
EndProject
Global
	GlobalSection(SolutionConfigurationPlatforms) = preSolution
		Debug|Any CPU = Debug|Any CPU
		Release|Any CPU = Release|Any CPU
	EndGlobalSection
	GlobalSection(ProjectConfigurationPlatforms) = postSolution
		{0B87BDE5-98FD-403C-B1E9-386E63C1C92D}.Debug|Any CPU.ActiveCfg = Debug|Any CPU
		{0B87BDE5-98FD-403C-B1E9-386E63C1C92D}.Debug|Any CPU.Build.0 = Debug|Any CPU
		{0B87BDE5-98FD-403C-B1E9-386E63C1C92D}.Release|Any CPU.ActiveCfg = Release|Any CPU
		{0B87BDE5-98FD-403C-B1E9-386E63C1C92D}.Release|Any CPU.Build.0 = Release|Any CPU
	EndGlobalSection
EndGlobal
